// !$*UTF8*$!
{
	archiveVersion = 1;
	classes = {
	};
	objectVersion = 54;
	objects = {

/* Begin PBXBuildFile section */
		00E356F31AD99517003FC87E /* ReactNativeAppTests.m in Sources */ = {isa = PBXBuildFile; fileRef = 00E356F21AD99517003FC87E /* ReactNativeAppTests.m */; };
		13B07FBC1A68108700A75B9A /* AppDelegate.m in Sources */ = {isa = PBXBuildFile; fileRef = 13B07FB01A68108700A75B9A /* AppDelegate.m */; };
		13B07FBF1A68108700A75B9A /* Images.xcassets in Resources */ = {isa = PBXBuildFile; fileRef = 13B07FB51A68108700A75B9A /* Images.xcassets */; };
		13B07FC11A68108700A75B9A /* main.m in Sources */ = {isa = PBXBuildFile; fileRef = 13B07FB71A68108700A75B9A /* main.m */; };
		81AB9BB82411601600AC10FF /* LaunchScreen.storyboard in Resources */ = {isa = PBXBuildFile; fileRef = 81AB9BB72411601600AC10FF /* LaunchScreen.storyboard */; };
		1C392A75C6F048169EE44255 /* Jomhuria-Regular.ttf in Resources */ = {isa = PBXBuildFile; fileRef = E73FB0022B6A44D49B900F4C /* Jomhuria-Regular.ttf */; };
		DC37CBF31BBF4145BFFFCCB2 /* AntDesign.ttf in Resources */ = {isa = PBXBuildFile; fileRef = 81E4200ED0244AF18EF04D3D /* AntDesign.ttf */; };
		4F4E551FAE7D4782813E9027 /* Entypo.ttf in Resources */ = {isa = PBXBuildFile; fileRef = D007C05046DF43BEB72BB65F /* Entypo.ttf */; };
		76A7774DA6284C30A1EF84AF /* EvilIcons.ttf in Resources */ = {isa = PBXBuildFile; fileRef = 7973769D23914DE79D372071 /* EvilIcons.ttf */; };
		7356D9E7D8B44264A24C5DDD /* Feather.ttf in Resources */ = {isa = PBXBuildFile; fileRef = C94B231C67CB4C27B2E487F2 /* Feather.ttf */; };
		8D0148D9E7FD4117BF43C4EF /* FontAwesome.ttf in Resources */ = {isa = PBXBuildFile; fileRef = 5CCA9C01289640C8BE7C1E22 /* FontAwesome.ttf */; };
		730C3B8B863E47DF88953341 /* FontAwesome5_Brands.ttf in Resources */ = {isa = PBXBuildFile; fileRef = AB17EDFE463D4A7B9B88BFBD /* FontAwesome5_Brands.ttf */; };
		61FEEFC232C7403AA7CC32AD /* FontAwesome5_Regular.ttf in Resources */ = {isa = PBXBuildFile; fileRef = 6860A39F6AB3425DBCC30361 /* FontAwesome5_Regular.ttf */; };
		C9509E990A714AA48512257D /* FontAwesome5_Solid.ttf in Resources */ = {isa = PBXBuildFile; fileRef = 566A6C989721477FB35EA985 /* FontAwesome5_Solid.ttf */; };
		6ABCD7AC799446B797937E9D /* Fontisto.ttf in Resources */ = {isa = PBXBuildFile; fileRef = 5658D6B175C3440FBF76F33C /* Fontisto.ttf */; };
		04239D3BE1E749E28AB4DAE8 /* Foundation.ttf in Resources */ = {isa = PBXBuildFile; fileRef = C00902D1F9D14047B4F3D98A /* Foundation.ttf */; };
		B078492BBB174ECAA7CF7DAE /* Ionicons.ttf in Resources */ = {isa = PBXBuildFile; fileRef = E77F68B98BAD4A29BDE4C5A4 /* Ionicons.ttf */; };
		4F2FFD66DE3F44B4AD7E149C /* MaterialCommunityIcons.ttf in Resources */ = {isa = PBXBuildFile; fileRef = B4FC91581D65492DA052CBE2 /* MaterialCommunityIcons.ttf */; };
		DDE60BEE61604DBE945F9A94 /* MaterialIcons.ttf in Resources */ = {isa = PBXBuildFile; fileRef = AFB1AAF91CCE44BC9137C67C /* MaterialIcons.ttf */; };
		D3058DFEEE9E46208519EA53 /* Octicons.ttf in Resources */ = {isa = PBXBuildFile; fileRef = F38DF6A0700A483D98020A1B /* Octicons.ttf */; };
		D061B33300EB432783E18C78 /* SimpleLineIcons.ttf in Resources */ = {isa = PBXBuildFile; fileRef = A994701B42B04040BFE21346 /* SimpleLineIcons.ttf */; };
		391B9D9B08C24F0EAE9C543F /* Zocial.ttf in Resources */ = {isa = PBXBuildFile; fileRef = BA5B47028E14457DAB659F87 /* Zocial.ttf */; };
		E0B3CB8B5FD041DBAE095F0B /* Lato-Black.ttf in Resources */ = {isa = PBXBuildFile; fileRef = 57F44799FA8542A686D2683D /* Lato-Black.ttf */; };
		00BD953510C54338897C282E /* Lato-BlackItalic.ttf in Resources */ = {isa = PBXBuildFile; fileRef = 06AEF782763C4C2C971345DF /* Lato-BlackItalic.ttf */; };
		B9A1EBEC2F49429F8439127A /* Lato-Bold.ttf in Resources */ = {isa = PBXBuildFile; fileRef = 20596556D0C548A4B11C402C /* Lato-Bold.ttf */; };
		6DDCC2D6DB4A420A90D30385 /* Lato-BoldItalic.ttf in Resources */ = {isa = PBXBuildFile; fileRef = 66D3317E63764E279BF60EFD /* Lato-BoldItalic.ttf */; };
		E840D421CA234FFB85DE4E30 /* Lato-Italic.ttf in Resources */ = {isa = PBXBuildFile; fileRef = 86434F4C75274A1AB66A9DA2 /* Lato-Italic.ttf */; };
		87C9D2EB18304F0CB9EF4569 /* Lato-Light.ttf in Resources */ = {isa = PBXBuildFile; fileRef = FD99CAE528FD47498C9CE829 /* Lato-Light.ttf */; };
		6A503AA153B943F99A8DA35C /* Lato-LightItalic.ttf in Resources */ = {isa = PBXBuildFile; fileRef = CCED49F9AB58461887C1FCFC /* Lato-LightItalic.ttf */; };
		BA583C6375F242DC8DC1BC19 /* Lato-Regular.ttf in Resources */ = {isa = PBXBuildFile; fileRef = 9BB6797BCC424A62BBCBA965 /* Lato-Regular.ttf */; };
		AA9650E04DAA4771A87E24C6 /* Lato-Thin.ttf in Resources */ = {isa = PBXBuildFile; fileRef = D26B5BC82C6849A282D89505 /* Lato-Thin.ttf */; };
		7A2EB50DA81E496FA022C0DB /* Lato-ThinItalic.ttf in Resources */ = {isa = PBXBuildFile; fileRef = 073357FBAE07444A99584934 /* Lato-ThinItalic.ttf */; };
/* End PBXBuildFile section */

/* Begin PBXContainerItemProxy section */
		00E356F41AD99517003FC87E /* PBXContainerItemProxy */ = {
			isa = PBXContainerItemProxy;
			containerPortal = 83CBB9F71A601CBA00E9B192 /* Project object */;
			proxyType = 1;
			remoteGlobalIDString = 13B07F861A680F5B00A75B9A;
			remoteInfo = ReactNativeApp;
		};
/* End PBXContainerItemProxy section */

/* Begin PBXFileReference section */
		00E356EE1AD99517003FC87E /* ReactNativeAppTests.xctest */ = {isa = PBXFileReference; explicitFileType = wrapper.cfbundle; includeInIndex = 0; path = ReactNativeAppTests.xctest; sourceTree = BUILT_PRODUCTS_DIR; };
		00E356F11AD99517003FC87E /* Info.plist */ = {isa = PBXFileReference; lastKnownFileType = text.plist.xml; path = Info.plist; sourceTree = "<group>"; };
		00E356F21AD99517003FC87E /* ReactNativeAppTests.m */ = {isa = PBXFileReference; lastKnownFileType = sourcecode.c.objc; path = ReactNativeAppTests.m; sourceTree = "<group>"; };
		13B07F961A680F5B00A75B9A /* ReactNativeApp.app */ = {isa = PBXFileReference; explicitFileType = wrapper.application; includeInIndex = 0; path = ReactNativeApp.app; sourceTree = BUILT_PRODUCTS_DIR; };
		13B07FAF1A68108700A75B9A /* AppDelegate.h */ = {isa = PBXFileReference; fileEncoding = 4; lastKnownFileType = sourcecode.c.h; name = AppDelegate.h; path = ReactNativeApp/AppDelegate.h; sourceTree = "<group>"; };
		13B07FB01A68108700A75B9A /* AppDelegate.m */ = {isa = PBXFileReference; fileEncoding = 4; lastKnownFileType = sourcecode.c.objc; name = AppDelegate.m; path = ReactNativeApp/AppDelegate.m; sourceTree = "<group>"; };
		13B07FB51A68108700A75B9A /* Images.xcassets */ = {isa = PBXFileReference; lastKnownFileType = folder.assetcatalog; name = Images.xcassets; path = ReactNativeApp/Images.xcassets; sourceTree = "<group>"; };
		13B07FB61A68108700A75B9A /* Info.plist */ = {isa = PBXFileReference; fileEncoding = 4; lastKnownFileType = text.plist.xml; name = Info.plist; path = ReactNativeApp/Info.plist; sourceTree = "<group>"; };
		13B07FB71A68108700A75B9A /* main.m */ = {isa = PBXFileReference; fileEncoding = 4; lastKnownFileType = sourcecode.c.objc; name = main.m; path = ReactNativeApp/main.m; sourceTree = "<group>"; };
		81AB9BB72411601600AC10FF /* LaunchScreen.storyboard */ = {isa = PBXFileReference; fileEncoding = 4; lastKnownFileType = file.storyboard; name = LaunchScreen.storyboard; path = ReactNativeApp/LaunchScreen.storyboard; sourceTree = "<group>"; };
		ED297162215061F000B7C4FE /* JavaScriptCore.framework */ = {isa = PBXFileReference; lastKnownFileType = wrapper.framework; name = JavaScriptCore.framework; path = System/Library/Frameworks/JavaScriptCore.framework; sourceTree = SDKROOT; };
		E73FB0022B6A44D49B900F4C /* Jomhuria-Regular.ttf */ = {isa = PBXFileReference; name = "Jomhuria-Regular.ttf"; path = "../assets/fonts/Jomhuria-Regular.ttf"; sourceTree = "<group>"; fileEncoding = undefined; lastKnownFileType = unknown; explicitFileType = undefined; includeInIndex = 0; };
		81E4200ED0244AF18EF04D3D /* AntDesign.ttf */ = {isa = PBXFileReference; name = "AntDesign.ttf"; path = "../node_modules/react-native-vector-icons/Fonts/AntDesign.ttf"; sourceTree = "<group>"; fileEncoding = undefined; lastKnownFileType = unknown; explicitFileType = undefined; includeInIndex = 0; };
		D007C05046DF43BEB72BB65F /* Entypo.ttf */ = {isa = PBXFileReference; name = "Entypo.ttf"; path = "../node_modules/react-native-vector-icons/Fonts/Entypo.ttf"; sourceTree = "<group>"; fileEncoding = undefined; lastKnownFileType = unknown; explicitFileType = undefined; includeInIndex = 0; };
		7973769D23914DE79D372071 /* EvilIcons.ttf */ = {isa = PBXFileReference; name = "EvilIcons.ttf"; path = "../node_modules/react-native-vector-icons/Fonts/EvilIcons.ttf"; sourceTree = "<group>"; fileEncoding = undefined; lastKnownFileType = unknown; explicitFileType = undefined; includeInIndex = 0; };
		C94B231C67CB4C27B2E487F2 /* Feather.ttf */ = {isa = PBXFileReference; name = "Feather.ttf"; path = "../node_modules/react-native-vector-icons/Fonts/Feather.ttf"; sourceTree = "<group>"; fileEncoding = undefined; lastKnownFileType = unknown; explicitFileType = undefined; includeInIndex = 0; };
		5CCA9C01289640C8BE7C1E22 /* FontAwesome.ttf */ = {isa = PBXFileReference; name = "FontAwesome.ttf"; path = "../node_modules/react-native-vector-icons/Fonts/FontAwesome.ttf"; sourceTree = "<group>"; fileEncoding = undefined; lastKnownFileType = unknown; explicitFileType = undefined; includeInIndex = 0; };
		AB17EDFE463D4A7B9B88BFBD /* FontAwesome5_Brands.ttf */ = {isa = PBXFileReference; name = "FontAwesome5_Brands.ttf"; path = "../node_modules/react-native-vector-icons/Fonts/FontAwesome5_Brands.ttf"; sourceTree = "<group>"; fileEncoding = undefined; lastKnownFileType = unknown; explicitFileType = undefined; includeInIndex = 0; };
		6860A39F6AB3425DBCC30361 /* FontAwesome5_Regular.ttf */ = {isa = PBXFileReference; name = "FontAwesome5_Regular.ttf"; path = "../node_modules/react-native-vector-icons/Fonts/FontAwesome5_Regular.ttf"; sourceTree = "<group>"; fileEncoding = undefined; lastKnownFileType = unknown; explicitFileType = undefined; includeInIndex = 0; };
		566A6C989721477FB35EA985 /* FontAwesome5_Solid.ttf */ = {isa = PBXFileReference; name = "FontAwesome5_Solid.ttf"; path = "../node_modules/react-native-vector-icons/Fonts/FontAwesome5_Solid.ttf"; sourceTree = "<group>"; fileEncoding = undefined; lastKnownFileType = unknown; explicitFileType = undefined; includeInIndex = 0; };
		5658D6B175C3440FBF76F33C /* Fontisto.ttf */ = {isa = PBXFileReference; name = "Fontisto.ttf"; path = "../node_modules/react-native-vector-icons/Fonts/Fontisto.ttf"; sourceTree = "<group>"; fileEncoding = undefined; lastKnownFileType = unknown; explicitFileType = undefined; includeInIndex = 0; };
		C00902D1F9D14047B4F3D98A /* Foundation.ttf */ = {isa = PBXFileReference; name = "Foundation.ttf"; path = "../node_modules/react-native-vector-icons/Fonts/Foundation.ttf"; sourceTree = "<group>"; fileEncoding = undefined; lastKnownFileType = unknown; explicitFileType = undefined; includeInIndex = 0; };
		E77F68B98BAD4A29BDE4C5A4 /* Ionicons.ttf */ = {isa = PBXFileReference; name = "Ionicons.ttf"; path = "../node_modules/react-native-vector-icons/Fonts/Ionicons.ttf"; sourceTree = "<group>"; fileEncoding = undefined; lastKnownFileType = unknown; explicitFileType = undefined; includeInIndex = 0; };
		B4FC91581D65492DA052CBE2 /* MaterialCommunityIcons.ttf */ = {isa = PBXFileReference; name = "MaterialCommunityIcons.ttf"; path = "../node_modules/react-native-vector-icons/Fonts/MaterialCommunityIcons.ttf"; sourceTree = "<group>"; fileEncoding = undefined; lastKnownFileType = unknown; explicitFileType = undefined; includeInIndex = 0; };
		AFB1AAF91CCE44BC9137C67C /* MaterialIcons.ttf */ = {isa = PBXFileReference; name = "MaterialIcons.ttf"; path = "../node_modules/react-native-vector-icons/Fonts/MaterialIcons.ttf"; sourceTree = "<group>"; fileEncoding = undefined; lastKnownFileType = unknown; explicitFileType = undefined; includeInIndex = 0; };
		F38DF6A0700A483D98020A1B /* Octicons.ttf */ = {isa = PBXFileReference; name = "Octicons.ttf"; path = "../node_modules/react-native-vector-icons/Fonts/Octicons.ttf"; sourceTree = "<group>"; fileEncoding = undefined; lastKnownFileType = unknown; explicitFileType = undefined; includeInIndex = 0; };
		A994701B42B04040BFE21346 /* SimpleLineIcons.ttf */ = {isa = PBXFileReference; name = "SimpleLineIcons.ttf"; path = "../node_modules/react-native-vector-icons/Fonts/SimpleLineIcons.ttf"; sourceTree = "<group>"; fileEncoding = undefined; lastKnownFileType = unknown; explicitFileType = undefined; includeInIndex = 0; };
		BA5B47028E14457DAB659F87 /* Zocial.ttf */ = {isa = PBXFileReference; name = "Zocial.ttf"; path = "../node_modules/react-native-vector-icons/Fonts/Zocial.ttf"; sourceTree = "<group>"; fileEncoding = undefined; lastKnownFileType = unknown; explicitFileType = undefined; includeInIndex = 0; };
		57F44799FA8542A686D2683D /* Lato-Black.ttf */ = {isa = PBXFileReference; name = "Lato-Black.ttf"; path = "../assets/fonts/Lato-Black.ttf"; sourceTree = "<group>"; fileEncoding = undefined; lastKnownFileType = unknown; explicitFileType = undefined; includeInIndex = 0; };
		06AEF782763C4C2C971345DF /* Lato-BlackItalic.ttf */ = {isa = PBXFileReference; name = "Lato-BlackItalic.ttf"; path = "../assets/fonts/Lato-BlackItalic.ttf"; sourceTree = "<group>"; fileEncoding = undefined; lastKnownFileType = unknown; explicitFileType = undefined; includeInIndex = 0; };
		20596556D0C548A4B11C402C /* Lato-Bold.ttf */ = {isa = PBXFileReference; name = "Lato-Bold.ttf"; path = "../assets/fonts/Lato-Bold.ttf"; sourceTree = "<group>"; fileEncoding = undefined; lastKnownFileType = unknown; explicitFileType = undefined; includeInIndex = 0; };
		66D3317E63764E279BF60EFD /* Lato-BoldItalic.ttf */ = {isa = PBXFileReference; name = "Lato-BoldItalic.ttf"; path = "../assets/fonts/Lato-BoldItalic.ttf"; sourceTree = "<group>"; fileEncoding = undefined; lastKnownFileType = unknown; explicitFileType = undefined; includeInIndex = 0; };
		86434F4C75274A1AB66A9DA2 /* Lato-Italic.ttf */ = {isa = PBXFileReference; name = "Lato-Italic.ttf"; path = "../assets/fonts/Lato-Italic.ttf"; sourceTree = "<group>"; fileEncoding = undefined; lastKnownFileType = unknown; explicitFileType = undefined; includeInIndex = 0; };
		FD99CAE528FD47498C9CE829 /* Lato-Light.ttf */ = {isa = PBXFileReference; name = "Lato-Light.ttf"; path = "../assets/fonts/Lato-Light.ttf"; sourceTree = "<group>"; fileEncoding = undefined; lastKnownFileType = unknown; explicitFileType = undefined; includeInIndex = 0; };
		CCED49F9AB58461887C1FCFC /* Lato-LightItalic.ttf */ = {isa = PBXFileReference; name = "Lato-LightItalic.ttf"; path = "../assets/fonts/Lato-LightItalic.ttf"; sourceTree = "<group>"; fileEncoding = undefined; lastKnownFileType = unknown; explicitFileType = undefined; includeInIndex = 0; };
		9BB6797BCC424A62BBCBA965 /* Lato-Regular.ttf */ = {isa = PBXFileReference; name = "Lato-Regular.ttf"; path = "../assets/fonts/Lato-Regular.ttf"; sourceTree = "<group>"; fileEncoding = undefined; lastKnownFileType = unknown; explicitFileType = undefined; includeInIndex = 0; };
		D26B5BC82C6849A282D89505 /* Lato-Thin.ttf */ = {isa = PBXFileReference; name = "Lato-Thin.ttf"; path = "../assets/fonts/Lato-Thin.ttf"; sourceTree = "<group>"; fileEncoding = undefined; lastKnownFileType = unknown; explicitFileType = undefined; includeInIndex = 0; };
		073357FBAE07444A99584934 /* Lato-ThinItalic.ttf */ = {isa = PBXFileReference; name = "Lato-ThinItalic.ttf"; path = "../assets/fonts/Lato-ThinItalic.ttf"; sourceTree = "<group>"; fileEncoding = undefined; lastKnownFileType = unknown; explicitFileType = undefined; includeInIndex = 0; };
/* End PBXFileReference section */

/* Begin PBXFrameworksBuildPhase section */
		00E356EB1AD99517003FC87E /* Frameworks */ = {
			isa = PBXFrameworksBuildPhase;
			buildActionMask = 2147483647;
			files = (
			);
			runOnlyForDeploymentPostprocessing = 0;
		};
		13B07F8C1A680F5B00A75B9A /* Frameworks */ = {
			isa = PBXFrameworksBuildPhase;
			buildActionMask = 2147483647;
			files = (
			);
			runOnlyForDeploymentPostprocessing = 0;
		};
/* End PBXFrameworksBuildPhase section */

/* Begin PBXGroup section */
		00E356EF1AD99517003FC87E /* ReactNativeAppTests */ = {
			isa = PBXGroup;
			children = (
				00E356F21AD99517003FC87E /* ReactNativeAppTests.m */,
				00E356F01AD99517003FC87E /* Supporting Files */,
			);
			path = ReactNativeAppTests;
			sourceTree = "<group>";
		};
		00E356F01AD99517003FC87E /* Supporting Files */ = {
			isa = PBXGroup;
			children = (
				00E356F11AD99517003FC87E /* Info.plist */,
			);
			name = "Supporting Files";
			sourceTree = "<group>";
		};
		13B07FAE1A68108700A75B9A /* ReactNativeApp */ = {
			isa = PBXGroup;
			children = (
				13B07FAF1A68108700A75B9A /* AppDelegate.h */,
				13B07FB01A68108700A75B9A /* AppDelegate.m */,
				13B07FB51A68108700A75B9A /* Images.xcassets */,
				13B07FB61A68108700A75B9A /* Info.plist */,
				81AB9BB72411601600AC10FF /* LaunchScreen.storyboard */,
				13B07FB71A68108700A75B9A /* main.m */,
			);
			name = ReactNativeApp;
			sourceTree = "<group>";
		};
		2D16E6871FA4F8E400B85C8A /* Frameworks */ = {
			isa = PBXGroup;
			children = (
				ED297162215061F000B7C4FE /* JavaScriptCore.framework */,
			);
			name = Frameworks;
			sourceTree = "<group>";
		};
		832341AE1AAA6A7D00B99B32 /* Libraries */ = {
			isa = PBXGroup;
			children = (
			);
			name = Libraries;
			sourceTree = "<group>";
		};
		83CBB9F61A601CBA00E9B192 = {
			isa = PBXGroup;
			children = (
				13B07FAE1A68108700A75B9A /* ReactNativeApp */,
				832341AE1AAA6A7D00B99B32 /* Libraries */,
				00E356EF1AD99517003FC87E /* ReactNativeAppTests */,
				83CBBA001A601CBA00E9B192 /* Products */,
				2D16E6871FA4F8E400B85C8A /* Frameworks */,
				9CD8695015AC4C82B17CC26B /* Resources */,
			);
			indentWidth = 2;
			sourceTree = "<group>";
			tabWidth = 2;
			usesTabs = 0;
		};
		83CBBA001A601CBA00E9B192 /* Products */ = {
			isa = PBXGroup;
			children = (
				13B07F961A680F5B00A75B9A /* ReactNativeApp.app */,
				00E356EE1AD99517003FC87E /* ReactNativeAppTests.xctest */,
			);
			name = Products;
			sourceTree = "<group>";
		};
		9CD8695015AC4C82B17CC26B /* Resources */ = {
			isa = "PBXGroup";
			children = (
				E73FB0022B6A44D49B900F4C /* Jomhuria-Regular.ttf */,
				81E4200ED0244AF18EF04D3D /* AntDesign.ttf */,
				D007C05046DF43BEB72BB65F /* Entypo.ttf */,
				7973769D23914DE79D372071 /* EvilIcons.ttf */,
				C94B231C67CB4C27B2E487F2 /* Feather.ttf */,
				5CCA9C01289640C8BE7C1E22 /* FontAwesome.ttf */,
				AB17EDFE463D4A7B9B88BFBD /* FontAwesome5_Brands.ttf */,
				6860A39F6AB3425DBCC30361 /* FontAwesome5_Regular.ttf */,
				566A6C989721477FB35EA985 /* FontAwesome5_Solid.ttf */,
				5658D6B175C3440FBF76F33C /* Fontisto.ttf */,
				C00902D1F9D14047B4F3D98A /* Foundation.ttf */,
				E77F68B98BAD4A29BDE4C5A4 /* Ionicons.ttf */,
				B4FC91581D65492DA052CBE2 /* MaterialCommunityIcons.ttf */,
				AFB1AAF91CCE44BC9137C67C /* MaterialIcons.ttf */,
				F38DF6A0700A483D98020A1B /* Octicons.ttf */,
				A994701B42B04040BFE21346 /* SimpleLineIcons.ttf */,
				BA5B47028E14457DAB659F87 /* Zocial.ttf */,
				57F44799FA8542A686D2683D /* Lato-Black.ttf */,
				06AEF782763C4C2C971345DF /* Lato-BlackItalic.ttf */,
				20596556D0C548A4B11C402C /* Lato-Bold.ttf */,
				66D3317E63764E279BF60EFD /* Lato-BoldItalic.ttf */,
				86434F4C75274A1AB66A9DA2 /* Lato-Italic.ttf */,
				FD99CAE528FD47498C9CE829 /* Lato-Light.ttf */,
				CCED49F9AB58461887C1FCFC /* Lato-LightItalic.ttf */,
				9BB6797BCC424A62BBCBA965 /* Lato-Regular.ttf */,
				D26B5BC82C6849A282D89505 /* Lato-Thin.ttf */,
				073357FBAE07444A99584934 /* Lato-ThinItalic.ttf */,
			);
			name = Resources;
			sourceTree = "<group>";
			path = "";
		};
/* End PBXGroup section */

/* Begin PBXNativeTarget section */
		00E356ED1AD99517003FC87E /* ReactNativeAppTests */ = {
			isa = PBXNativeTarget;
			buildConfigurationList = 00E357021AD99517003FC87E /* Build configuration list for PBXNativeTarget "ReactNativeAppTests" */;
			buildPhases = (
				00E356EA1AD99517003FC87E /* Sources */,
				00E356EB1AD99517003FC87E /* Frameworks */,
				00E356EC1AD99517003FC87E /* Resources */,
			);
			buildRules = (
			);
			dependencies = (
				00E356F51AD99517003FC87E /* PBXTargetDependency */,
			);
			name = ReactNativeAppTests;
			productName = ReactNativeAppTests;
			productReference = 00E356EE1AD99517003FC87E /* ReactNativeAppTests.xctest */;
			productType = "com.apple.product-type.bundle.unit-test";
		};
		13B07F861A680F5B00A75B9A /* ReactNativeApp */ = {
			isa = PBXNativeTarget;
			buildConfigurationList = 13B07F931A680F5B00A75B9A /* Build configuration list for PBXNativeTarget "ReactNativeApp" */;
			buildPhases = (
				FD10A7F022414F080027D42C /* Start Packager */,
				13B07F871A680F5B00A75B9A /* Sources */,
				13B07F8C1A680F5B00A75B9A /* Frameworks */,
				13B07F8E1A680F5B00A75B9A /* Resources */,
				00DD1BFF1BD5951E006B06BC /* Bundle React Native code and images */,
			);
			buildRules = (
			);
			dependencies = (
			);
			name = ReactNativeApp;
			productName = ReactNativeApp;
			productReference = 13B07F961A680F5B00A75B9A /* ReactNativeApp.app */;
			productType = "com.apple.product-type.application";
		};
/* End PBXNativeTarget section */

/* Begin PBXProject section */
		83CBB9F71A601CBA00E9B192 /* Project object */ = {
			isa = PBXProject;
			attributes = {
				LastUpgradeCheck = 1210;
				TargetAttributes = {
					00E356ED1AD99517003FC87E = {
						CreatedOnToolsVersion = 6.2;
						TestTargetID = 13B07F861A680F5B00A75B9A;
					};
					13B07F861A680F5B00A75B9A = {
						LastSwiftMigration = 1120;
					};
				};
			};
			buildConfigurationList = 83CBB9FA1A601CBA00E9B192 /* Build configuration list for PBXProject "ReactNativeApp" */;
			compatibilityVersion = "Xcode 12.0";
			developmentRegion = en;
			hasScannedForEncodings = 0;
			knownRegions = (
				en,
				Base,
			);
			mainGroup = 83CBB9F61A601CBA00E9B192;
			productRefGroup = 83CBBA001A601CBA00E9B192 /* Products */;
			projectDirPath = "";
			projectRoot = "";
			targets = (
				13B07F861A680F5B00A75B9A /* ReactNativeApp */,
				00E356ED1AD99517003FC87E /* ReactNativeAppTests */,
			);
		};
/* End PBXProject section */

/* Begin PBXResourcesBuildPhase section */
		00E356EC1AD99517003FC87E /* Resources */ = {
			isa = PBXResourcesBuildPhase;
			buildActionMask = 2147483647;
			files = (
			);
			runOnlyForDeploymentPostprocessing = 0;
		};
		13B07F8E1A680F5B00A75B9A /* Resources */ = {
			isa = PBXResourcesBuildPhase;
			buildActionMask = 2147483647;
			files = (
				81AB9BB82411601600AC10FF /* LaunchScreen.storyboard in Resources */,
				13B07FBF1A68108700A75B9A /* Images.xcassets in Resources */,
				1C392A75C6F048169EE44255 /* Jomhuria-Regular.ttf in Resources */,
				DC37CBF31BBF4145BFFFCCB2 /* AntDesign.ttf in Resources */,
				4F4E551FAE7D4782813E9027 /* Entypo.ttf in Resources */,
				76A7774DA6284C30A1EF84AF /* EvilIcons.ttf in Resources */,
				7356D9E7D8B44264A24C5DDD /* Feather.ttf in Resources */,
				8D0148D9E7FD4117BF43C4EF /* FontAwesome.ttf in Resources */,
				730C3B8B863E47DF88953341 /* FontAwesome5_Brands.ttf in Resources */,
				61FEEFC232C7403AA7CC32AD /* FontAwesome5_Regular.ttf in Resources */,
				C9509E990A714AA48512257D /* FontAwesome5_Solid.ttf in Resources */,
				6ABCD7AC799446B797937E9D /* Fontisto.ttf in Resources */,
				04239D3BE1E749E28AB4DAE8 /* Foundation.ttf in Resources */,
				B078492BBB174ECAA7CF7DAE /* Ionicons.ttf in Resources */,
				4F2FFD66DE3F44B4AD7E149C /* MaterialCommunityIcons.ttf in Resources */,
				DDE60BEE61604DBE945F9A94 /* MaterialIcons.ttf in Resources */,
				D3058DFEEE9E46208519EA53 /* Octicons.ttf in Resources */,
				D061B33300EB432783E18C78 /* SimpleLineIcons.ttf in Resources */,
				391B9D9B08C24F0EAE9C543F /* Zocial.ttf in Resources */,
				E0B3CB8B5FD041DBAE095F0B /* Lato-Black.ttf in Resources */,
				00BD953510C54338897C282E /* Lato-BlackItalic.ttf in Resources */,
				B9A1EBEC2F49429F8439127A /* Lato-Bold.ttf in Resources */,
				6DDCC2D6DB4A420A90D30385 /* Lato-BoldItalic.ttf in Resources */,
				E840D421CA234FFB85DE4E30 /* Lato-Italic.ttf in Resources */,
				87C9D2EB18304F0CB9EF4569 /* Lato-Light.ttf in Resources */,
				6A503AA153B943F99A8DA35C /* Lato-LightItalic.ttf in Resources */,
				BA583C6375F242DC8DC1BC19 /* Lato-Regular.ttf in Resources */,
				AA9650E04DAA4771A87E24C6 /* Lato-Thin.ttf in Resources */,
				7A2EB50DA81E496FA022C0DB /* Lato-ThinItalic.ttf in Resources */,
			);
			runOnlyForDeploymentPostprocessing = 0;
		};
/* End PBXResourcesBuildPhase section */

/* Begin PBXShellScriptBuildPhase section */
		00DD1BFF1BD5951E006B06BC /* Bundle React Native code and images */ = {
			isa = PBXShellScriptBuildPhase;
			buildActionMask = 2147483647;
			files = (
			);
			inputPaths = (
			);
			name = "Bundle React Native code and images";
			outputPaths = (
			);
			runOnlyForDeploymentPostprocessing = 0;
			shellPath = /bin/sh;
			shellScript = "set -e\n\nexport NODE_BINARY=node\n../node_modules/react-native/scripts/react-native-xcode.sh\n";
		};
		FD10A7F022414F080027D42C /* Start Packager */ = {
			isa = PBXShellScriptBuildPhase;
			buildActionMask = 2147483647;
			files = (
			);
			inputFileListPaths = (
			);
			inputPaths = (
			);
			name = "Start Packager";
			outputFileListPaths = (
			);
			outputPaths = (
			);
			runOnlyForDeploymentPostprocessing = 0;
			shellPath = /bin/sh;
			shellScript = "export RCT_METRO_PORT=\"${RCT_METRO_PORT:=8081}\"\necho \"export RCT_METRO_PORT=${RCT_METRO_PORT}\" > \"${SRCROOT}/../node_modules/react-native/scripts/.packager.env\"\nif [ -z \"${RCT_NO_LAUNCH_PACKAGER+xxx}\" ] ; then\n  if nc -w 5 -z localhost ${RCT_METRO_PORT} ; then\n    if ! curl -s \"http://localhost:${RCT_METRO_PORT}/status\" | grep -q \"packager-status:running\" ; then\n      echo \"Port ${RCT_METRO_PORT} already in use, packager is either not running or not running correctly\"\n      exit 2\n    fi\n  else\n    open \"$SRCROOT/../node_modules/react-native/scripts/launchPackager.command\" || echo \"Can't start packager automatically\"\n  fi\nfi\n";
			showEnvVarsInLog = 0;
		};
/* End PBXShellScriptBuildPhase section */

/* Begin PBXSourcesBuildPhase section */
		00E356EA1AD99517003FC87E /* Sources */ = {
			isa = PBXSourcesBuildPhase;
			buildActionMask = 2147483647;
			files = (
				00E356F31AD99517003FC87E /* ReactNativeAppTests.m in Sources */,
			);
			runOnlyForDeploymentPostprocessing = 0;
		};
		13B07F871A680F5B00A75B9A /* Sources */ = {
			isa = PBXSourcesBuildPhase;
			buildActionMask = 2147483647;
			files = (
				13B07FBC1A68108700A75B9A /* AppDelegate.m in Sources */,
				13B07FC11A68108700A75B9A /* main.m in Sources */,
			);
			runOnlyForDeploymentPostprocessing = 0;
		};
/* End PBXSourcesBuildPhase section */

/* Begin PBXTargetDependency section */
		00E356F51AD99517003FC87E /* PBXTargetDependency */ = {
			isa = PBXTargetDependency;
			target = 13B07F861A680F5B00A75B9A /* ReactNativeApp */;
			targetProxy = 00E356F41AD99517003FC87E /* PBXContainerItemProxy */;
		};
/* End PBXTargetDependency section */

/* Begin XCBuildConfiguration section */
		00E356F61AD99517003FC87E /* Debug */ = {
			isa = XCBuildConfiguration;
			buildSettings = {
				BUNDLE_LOADER = "$(TEST_HOST)";
				GCC_PREPROCESSOR_DEFINITIONS = (
					"DEBUG=1",
					"$(inherited)",
				);
				INFOPLIST_FILE = ReactNativeAppTests/Info.plist;
				IPHONEOS_DEPLOYMENT_TARGET = 10.0;
				LD_RUNPATH_SEARCH_PATHS = (
					"$(inherited)",
					"@executable_path/Frameworks",
					"@loader_path/Frameworks",
				);
				OTHER_LDFLAGS = (
					"-ObjC",
					"-lc++",
					"$(inherited)",
				);
				PRODUCT_BUNDLE_IDENTIFIER = "org.reactjs.native.example.$(PRODUCT_NAME:rfc1034identifier)";
				PRODUCT_NAME = "$(TARGET_NAME)";
				TEST_HOST = "$(BUILT_PRODUCTS_DIR)/ReactNativeApp.app/ReactNativeApp";
			};
			name = Debug;
		};
		00E356F71AD99517003FC87E /* Release */ = {
			isa = XCBuildConfiguration;
			buildSettings = {
				BUNDLE_LOADER = "$(TEST_HOST)";
				COPY_PHASE_STRIP = NO;
				INFOPLIST_FILE = ReactNativeAppTests/Info.plist;
				IPHONEOS_DEPLOYMENT_TARGET = 10.0;
				LD_RUNPATH_SEARCH_PATHS = (
					"$(inherited)",
					"@executable_path/Frameworks",
					"@loader_path/Frameworks",
				);
				OTHER_LDFLAGS = (
					"-ObjC",
					"-lc++",
					"$(inherited)",
				);
				PRODUCT_BUNDLE_IDENTIFIER = "org.reactjs.native.example.$(PRODUCT_NAME:rfc1034identifier)";
				PRODUCT_NAME = "$(TARGET_NAME)";
				TEST_HOST = "$(BUILT_PRODUCTS_DIR)/ReactNativeApp.app/ReactNativeApp";
			};
			name = Release;
		};
		13B07F941A680F5B00A75B9A /* Debug */ = {
			isa = XCBuildConfiguration;
			buildSettings = {
				ASSETCATALOG_COMPILER_APPICON_NAME = AppIcon;
				CLANG_ENABLE_MODULES = YES;
				CURRENT_PROJECT_VERSION = 1;
				ENABLE_BITCODE = NO;
				INFOPLIST_FILE = ReactNativeApp/Info.plist;
				LD_RUNPATH_SEARCH_PATHS = (
					"$(inherited)",
					"@executable_path/Frameworks",
				);
				OTHER_LDFLAGS = (
					"$(inherited)",
					"-ObjC",
					"-lc++",
				);
				PRODUCT_BUNDLE_IDENTIFIER = "org.reactjs.native.example.$(PRODUCT_NAME:rfc1034identifier)";
				PRODUCT_NAME = ReactNativeApp;
				SWIFT_OPTIMIZATION_LEVEL = "-Onone";
				SWIFT_VERSION = 5.0;
				VERSIONING_SYSTEM = "apple-generic";
			};
			name = Debug;
		};
		13B07F951A680F5B00A75B9A /* Release */ = {
			isa = XCBuildConfiguration;
			buildSettings = {
				ASSETCATALOG_COMPILER_APPICON_NAME = AppIcon;
				CLANG_ENABLE_MODULES = YES;
				CURRENT_PROJECT_VERSION = 1;
				INFOPLIST_FILE = ReactNativeApp/Info.plist;
				LD_RUNPATH_SEARCH_PATHS = (
					"$(inherited)",
					"@executable_path/Frameworks",
				);
				OTHER_LDFLAGS = (
					"$(inherited)",
					"-ObjC",
					"-lc++",
				);
				PRODUCT_BUNDLE_IDENTIFIER = "org.reactjs.native.example.$(PRODUCT_NAME:rfc1034identifier)";
				PRODUCT_NAME = ReactNativeApp;
				SWIFT_VERSION = 5.0;
				VERSIONING_SYSTEM = "apple-generic";
			};
			name = Release;
		};
		83CBBA201A601CBA00E9B192 /* Debug */ = {
			isa = XCBuildConfiguration;
			buildSettings = {
				ALWAYS_SEARCH_USER_PATHS = NO;
				CLANG_ANALYZER_LOCALIZABILITY_NONLOCALIZED = YES;
				CLANG_CXX_LANGUAGE_STANDARD = "gnu++0x";
				CLANG_CXX_LIBRARY = "libc++";
				CLANG_ENABLE_MODULES = YES;
				CLANG_ENABLE_OBJC_ARC = YES;
				CLANG_WARN_BLOCK_CAPTURE_AUTORELEASING = YES;
				CLANG_WARN_BOOL_CONVERSION = YES;
				CLANG_WARN_COMMA = YES;
				CLANG_WARN_CONSTANT_CONVERSION = YES;
				CLANG_WARN_DEPRECATED_OBJC_IMPLEMENTATIONS = YES;
				CLANG_WARN_DIRECT_OBJC_ISA_USAGE = YES_ERROR;
				CLANG_WARN_EMPTY_BODY = YES;
				CLANG_WARN_ENUM_CONVERSION = YES;
				CLANG_WARN_INFINITE_RECURSION = YES;
				CLANG_WARN_INT_CONVERSION = YES;
				CLANG_WARN_NON_LITERAL_NULL_CONVERSION = YES;
				CLANG_WARN_OBJC_IMPLICIT_RETAIN_SELF = YES;
				CLANG_WARN_OBJC_LITERAL_CONVERSION = YES;
				CLANG_WARN_OBJC_ROOT_CLASS = YES_ERROR;
				CLANG_WARN_QUOTED_INCLUDE_IN_FRAMEWORK_HEADER = YES;
				CLANG_WARN_RANGE_LOOP_ANALYSIS = YES;
				CLANG_WARN_STRICT_PROTOTYPES = YES;
				CLANG_WARN_SUSPICIOUS_MOVE = YES;
				CLANG_WARN_UNREACHABLE_CODE = YES;
				CLANG_WARN__DUPLICATE_METHOD_MATCH = YES;
				"CODE_SIGN_IDENTITY[sdk=iphoneos*]" = "iPhone Developer";
				COPY_PHASE_STRIP = NO;
				ENABLE_STRICT_OBJC_MSGSEND = YES;
				ENABLE_TESTABILITY = YES;
				GCC_C_LANGUAGE_STANDARD = gnu99;
				GCC_DYNAMIC_NO_PIC = NO;
				GCC_NO_COMMON_BLOCKS = YES;
				GCC_OPTIMIZATION_LEVEL = 0;
				GCC_PREPROCESSOR_DEFINITIONS = (
					"DEBUG=1",
					"$(inherited)",
				);
				GCC_SYMBOLS_PRIVATE_EXTERN = NO;
				GCC_WARN_64_TO_32_BIT_CONVERSION = YES;
				GCC_WARN_ABOUT_RETURN_TYPE = YES_ERROR;
				GCC_WARN_UNDECLARED_SELECTOR = YES;
				GCC_WARN_UNINITIALIZED_AUTOS = YES_AGGRESSIVE;
				GCC_WARN_UNUSED_FUNCTION = YES;
				GCC_WARN_UNUSED_VARIABLE = YES;
				IPHONEOS_DEPLOYMENT_TARGET = 10.0;
				LD_RUNPATH_SEARCH_PATHS = (
					/usr/lib/swift,
					"$(inherited)",
				);
				LIBRARY_SEARCH_PATHS = (
					"\"$(TOOLCHAIN_DIR)/usr/lib/swift/$(PLATFORM_NAME)\"",
					"\"$(TOOLCHAIN_DIR)/usr/lib/swift-5.0/$(PLATFORM_NAME)\"",
					"\"$(inherited)\"",
				);
				MTL_ENABLE_DEBUG_INFO = YES;
				ONLY_ACTIVE_ARCH = YES;
				SDKROOT = iphoneos;
			};
			name = Debug;
		};
		83CBBA211A601CBA00E9B192 /* Release */ = {
			isa = XCBuildConfiguration;
			buildSettings = {
				ALWAYS_SEARCH_USER_PATHS = NO;
				CLANG_ANALYZER_LOCALIZABILITY_NONLOCALIZED = YES;
				CLANG_CXX_LANGUAGE_STANDARD = "gnu++0x";
				CLANG_CXX_LIBRARY = "libc++";
				CLANG_ENABLE_MODULES = YES;
				CLANG_ENABLE_OBJC_ARC = YES;
				CLANG_WARN_BLOCK_CAPTURE_AUTORELEASING = YES;
				CLANG_WARN_BOOL_CONVERSION = YES;
				CLANG_WARN_COMMA = YES;
				CLANG_WARN_CONSTANT_CONVERSION = YES;
				CLANG_WARN_DEPRECATED_OBJC_IMPLEMENTATIONS = YES;
				CLANG_WARN_DIRECT_OBJC_ISA_USAGE = YES_ERROR;
				CLANG_WARN_EMPTY_BODY = YES;
				CLANG_WARN_ENUM_CONVERSION = YES;
				CLANG_WARN_INFINITE_RECURSION = YES;
				CLANG_WARN_INT_CONVERSION = YES;
				CLANG_WARN_NON_LITERAL_NULL_CONVERSION = YES;
				CLANG_WARN_OBJC_IMPLICIT_RETAIN_SELF = YES;
				CLANG_WARN_OBJC_LITERAL_CONVERSION = YES;
				CLANG_WARN_OBJC_ROOT_CLASS = YES_ERROR;
				CLANG_WARN_QUOTED_INCLUDE_IN_FRAMEWORK_HEADER = YES;
				CLANG_WARN_RANGE_LOOP_ANALYSIS = YES;
				CLANG_WARN_STRICT_PROTOTYPES = YES;
				CLANG_WARN_SUSPICIOUS_MOVE = YES;
				CLANG_WARN_UNREACHABLE_CODE = YES;
				CLANG_WARN__DUPLICATE_METHOD_MATCH = YES;
				"CODE_SIGN_IDENTITY[sdk=iphoneos*]" = "iPhone Developer";
				COPY_PHASE_STRIP = YES;
				ENABLE_NS_ASSERTIONS = NO;
				ENABLE_STRICT_OBJC_MSGSEND = YES;
				GCC_C_LANGUAGE_STANDARD = gnu99;
				GCC_NO_COMMON_BLOCKS = YES;
				GCC_WARN_64_TO_32_BIT_CONVERSION = YES;
				GCC_WARN_ABOUT_RETURN_TYPE = YES_ERROR;
				GCC_WARN_UNDECLARED_SELECTOR = YES;
				GCC_WARN_UNINITIALIZED_AUTOS = YES_AGGRESSIVE;
				GCC_WARN_UNUSED_FUNCTION = YES;
				GCC_WARN_UNUSED_VARIABLE = YES;
				IPHONEOS_DEPLOYMENT_TARGET = 10.0;
				LD_RUNPATH_SEARCH_PATHS = (
					/usr/lib/swift,
					"$(inherited)",
				);
				LIBRARY_SEARCH_PATHS = (
					"\"$(TOOLCHAIN_DIR)/usr/lib/swift/$(PLATFORM_NAME)\"",
					"\"$(TOOLCHAIN_DIR)/usr/lib/swift-5.0/$(PLATFORM_NAME)\"",
					"\"$(inherited)\"",
				);
				MTL_ENABLE_DEBUG_INFO = NO;
				SDKROOT = iphoneos;
				VALIDATE_PRODUCT = YES;
			};
			name = Release;
		};
/* End XCBuildConfiguration section */

/* Begin XCConfigurationList section */
		00E357021AD99517003FC87E /* Build configuration list for PBXNativeTarget "ReactNativeAppTests" */ = {
			isa = XCConfigurationList;
			buildConfigurations = (
				00E356F61AD99517003FC87E /* Debug */,
				00E356F71AD99517003FC87E /* Release */,
			);
			defaultConfigurationIsVisible = 0;
			defaultConfigurationName = Release;
		};
		13B07F931A680F5B00A75B9A /* Build configuration list for PBXNativeTarget "ReactNativeApp" */ = {
			isa = XCConfigurationList;
			buildConfigurations = (
				13B07F941A680F5B00A75B9A /* Debug */,
				13B07F951A680F5B00A75B9A /* Release */,
			);
			defaultConfigurationIsVisible = 0;
			defaultConfigurationName = Release;
		};
		83CBB9FA1A601CBA00E9B192 /* Build configuration list for PBXProject "ReactNativeApp" */ = {
			isa = XCConfigurationList;
			buildConfigurations = (
				83CBBA201A601CBA00E9B192 /* Debug */,
				83CBBA211A601CBA00E9B192 /* Release */,
			);
			defaultConfigurationIsVisible = 0;
			defaultConfigurationName = Release;
		};
/* End XCConfigurationList section */
	};
	rootObject = 83CBB9F71A601CBA00E9B192 /* Project object */;
}
